// !$*UTF8*$!
{
	archiveVersion = 1;
	classes = {
	};
	objectVersion = 56;
	objects = {

/* Begin PBXBuildFile section */
		1D2E70A32C107BCB00568E6A /* GetAllCategoriesResponse.swift in Sources */ = {isa = PBXBuildFile; fileRef = 1D2E70A22C107BCB00568E6A /* GetAllCategoriesResponse.swift */; };
		1D2E70A52C107CDC00568E6A /* GetAllAreasResponse.swift in Sources */ = {isa = PBXBuildFile; fileRef = 1D2E70A42C107CDC00568E6A /* GetAllAreasResponse.swift */; };
		1D2E70A72C107D7C00568E6A /* GetAllIngredientsResponse.swift in Sources */ = {isa = PBXBuildFile; fileRef = 1D2E70A62C107D7C00568E6A /* GetAllIngredientsResponse.swift */; };
		1D2E70A92C107DFF00568E6A /* GetByCategoryResponse.swift in Sources */ = {isa = PBXBuildFile; fileRef = 1D2E70A82C107DFF00568E6A /* GetByCategoryResponse.swift */; };
		1D2E70AB2C107E8300568E6A /* GetByAreaResponse.swift in Sources */ = {isa = PBXBuildFile; fileRef = 1D2E70AA2C107E8300568E6A /* GetByAreaResponse.swift */; };
		1D2E70AD2C107F4500568E6A /* GetByIngredientResponse.swift in Sources */ = {isa = PBXBuildFile; fileRef = 1D2E70AC2C107F4500568E6A /* GetByIngredientResponse.swift */; };
		1D2E70AF2C107FB200568E6A /* GetByIdResponse.swift in Sources */ = {isa = PBXBuildFile; fileRef = 1D2E70AE2C107FB200568E6A /* GetByIdResponse.swift */; };
		1D2E70B12C10802A00568E6A /* GetByNameResponse.swift in Sources */ = {isa = PBXBuildFile; fileRef = 1D2E70B02C10802A00568E6A /* GetByNameResponse.swift */; };
		1D8908252C05F11200C3C548 /* FlavorFeastApp.swift in Sources */ = {isa = PBXBuildFile; fileRef = 1D8908242C05F11200C3C548 /* FlavorFeastApp.swift */; };
		1D8908292C05F11500C3C548 /* Assets.xcassets in Resources */ = {isa = PBXBuildFile; fileRef = 1D8908282C05F11500C3C548 /* Assets.xcassets */; };
		1D89082C2C05F11500C3C548 /* Preview Assets.xcassets in Resources */ = {isa = PBXBuildFile; fileRef = 1D89082B2C05F11500C3C548 /* Preview Assets.xcassets */; };
		1D89083D2C05F74600C3C548 /* HomeScreen.swift in Sources */ = {isa = PBXBuildFile; fileRef = 1D89083C2C05F74600C3C548 /* HomeScreen.swift */; };
		1D89083F2C05F75600C3C548 /* HomeViewModel.swift in Sources */ = {isa = PBXBuildFile; fileRef = 1D89083E2C05F75500C3C548 /* HomeViewModel.swift */; };
		1D8908442C05FD5C00C3C548 /* SearchComponent.swift in Sources */ = {isa = PBXBuildFile; fileRef = 1D8908432C05FD5C00C3C548 /* SearchComponent.swift */; };
		1D8908472C061B9900C3C548 /* CustomColor.swift in Sources */ = {isa = PBXBuildFile; fileRef = 1D8908462C061B9900C3C548 /* CustomColor.swift */; };
		1D8908492C06265000C3C548 /* GeneralButton.swift in Sources */ = {isa = PBXBuildFile; fileRef = 1D8908482C06265000C3C548 /* GeneralButton.swift */; };
		1D89084B2C075FF500C3C548 /* RandomMeal.swift in Sources */ = {isa = PBXBuildFile; fileRef = 1D89084A2C075FF500C3C548 /* RandomMeal.swift */; };
		1D89084E2C0768B200C3C548 /* Epilogue-Regular.ttf in Resources */ = {isa = PBXBuildFile; fileRef = 1D89084D2C0768B200C3C548 /* Epilogue-Regular.ttf */; };
		1D8908512C076B5D00C3C548 /* Epilogue-Bold.ttf in Resources */ = {isa = PBXBuildFile; fileRef = 1D8908502C076B5D00C3C548 /* Epilogue-Bold.ttf */; };
		1D8908532C076B6700C3C548 /* Epilogue-Black.ttf in Resources */ = {isa = PBXBuildFile; fileRef = 1D8908522C076B6700C3C548 /* Epilogue-Black.ttf */; };
		1D8908552C076B7400C3C548 /* Epilogue-Medium.ttf in Resources */ = {isa = PBXBuildFile; fileRef = 1D8908542C076B7400C3C548 /* Epilogue-Medium.ttf */; };
		1D8908572C076B8000C3C548 /* Epilogue-Thin.ttf in Resources */ = {isa = PBXBuildFile; fileRef = 1D8908562C076B8000C3C548 /* Epilogue-Thin.ttf */; };
		1D8908592C076BC700C3C548 /* CustomFont.swift in Sources */ = {isa = PBXBuildFile; fileRef = 1D8908582C076BC700C3C548 /* CustomFont.swift */; };
		1D89085C2C076DE400C3C548 /* RandomSection.swift in Sources */ = {isa = PBXBuildFile; fileRef = 1D89085B2C076DE400C3C548 /* RandomSection.swift */; };
		1D89085E2C076F8200C3C548 /* CustomTitle.swift in Sources */ = {isa = PBXBuildFile; fileRef = 1D89085D2C076F8200C3C548 /* CustomTitle.swift */; };
		1D8908602C089BAF00C3C548 /* FoodCard.swift in Sources */ = {isa = PBXBuildFile; fileRef = 1D89085F2C089BAE00C3C548 /* FoodCard.swift */; };
		1D8908632C08A03500C3C548 /* Sections_HomeScreen.swift in Sources */ = {isa = PBXBuildFile; fileRef = 1D8908622C08A03500C3C548 /* Sections_HomeScreen.swift */; };
		1D8908652C08A37D00C3C548 /* AreaSection.swift in Sources */ = {isa = PBXBuildFile; fileRef = 1D8908642C08A37D00C3C548 /* AreaSection.swift */; };
		1D8908672C08A3A600C3C548 /* CategorySection.swift in Sources */ = {isa = PBXBuildFile; fileRef = 1D8908662C08A3A600C3C548 /* CategorySection.swift */; };
		1D8908692C08BAE500C3C548 /* IngredientsSection.swift in Sources */ = {isa = PBXBuildFile; fileRef = 1D8908682C08BAE500C3C548 /* IngredientsSection.swift */; };
		1D89086B2C08BE1B00C3C548 /* FindRow.swift in Sources */ = {isa = PBXBuildFile; fileRef = 1D89086A2C08BE1B00C3C548 /* FindRow.swift */; };
		1D89086D2C08BF7600C3C548 /* ShowFind.swift in Sources */ = {isa = PBXBuildFile; fileRef = 1D89086C2C08BF7600C3C548 /* ShowFind.swift */; };
		1D8908702C08C52200C3C548 /* ArrayUtils.swift in Sources */ = {isa = PBXBuildFile; fileRef = 1D89086F2C08C52200C3C548 /* ArrayUtils.swift */; };
		1D8908722C0DD3B600C3C548 /* SearchTitle.swift in Sources */ = {isa = PBXBuildFile; fileRef = 1D8908712C0DD3B600C3C548 /* SearchTitle.swift */; };
		1D8908742C0DD4B700C3C548 /* Search_HomeScreen.swift in Sources */ = {isa = PBXBuildFile; fileRef = 1D8908732C0DD4B700C3C548 /* Search_HomeScreen.swift */; };
		1D8908762C0DD50F00C3C548 /* SearchRow.swift in Sources */ = {isa = PBXBuildFile; fileRef = 1D8908752C0DD50F00C3C548 /* SearchRow.swift */; };
		1D89087C2C0DDB9F00C3C548 /* HTTPMethods.swift in Sources */ = {isa = PBXBuildFile; fileRef = 1D89087B2C0DDB9F00C3C548 /* HTTPMethods.swift */; };
		1D89087E2C0DDBFE00C3C548 /* Networker.swift in Sources */ = {isa = PBXBuildFile; fileRef = 1D89087D2C0DDBFE00C3C548 /* Networker.swift */; };
		1D8908802C0DDC6800C3C548 /* NetworkerInterface.swift in Sources */ = {isa = PBXBuildFile; fileRef = 1D89087F2C0DDC6800C3C548 /* NetworkerInterface.swift */; };
		1D8908842C0DDF9500C3C548 /* MealApi.swift in Sources */ = {isa = PBXBuildFile; fileRef = 1D8908832C0DDF9500C3C548 /* MealApi.swift */; };
		1D8908862C0DE4AE00C3C548 /* NetworkDataSourceInterface.swift in Sources */ = {isa = PBXBuildFile; fileRef = 1D8908852C0DE4AE00C3C548 /* NetworkDataSourceInterface.swift */; };
		1D8908882C0DE4E100C3C548 /* NetworkDataSource.swift in Sources */ = {isa = PBXBuildFile; fileRef = 1D8908872C0DE4E100C3C548 /* NetworkDataSource.swift */; };
		1D89088A2C0DFE2300C3C548 /* Category.swift in Sources */ = {isa = PBXBuildFile; fileRef = 1D8908892C0DFE2300C3C548 /* Category.swift */; };
		1D89088C2C0DFFBA00C3C548 /* Ingredients.swift in Sources */ = {isa = PBXBuildFile; fileRef = 1D89088B2C0DFFBA00C3C548 /* Ingredients.swift */; };
		1D89088E2C0E008E00C3C548 /* Meal.swift in Sources */ = {isa = PBXBuildFile; fileRef = 1D89088D2C0E008E00C3C548 /* Meal.swift */; };
		1D8908902C0E061600C3C548 /* SingleArea.swift in Sources */ = {isa = PBXBuildFile; fileRef = 1D89088F2C0E061600C3C548 /* SingleArea.swift */; };
		1D8908922C0E068200C3C548 /* SingleMeal.swift in Sources */ = {isa = PBXBuildFile; fileRef = 1D8908912C0E068200C3C548 /* SingleMeal.swift */; };
		1D8908952C0E081E00C3C548 /* GetRandomResponse.swift in Sources */ = {isa = PBXBuildFile; fileRef = 1D8908942C0E081E00C3C548 /* GetRandomResponse.swift */; };
		1D8908972C0E0A9A00C3C548 /* Repository.swift in Sources */ = {isa = PBXBuildFile; fileRef = 1D8908962C0E0A9A00C3C548 /* Repository.swift */; };
		1D8908992C0E0AC200C3C548 /* RepositoryInterface.swift in Sources */ = {isa = PBXBuildFile; fileRef = 1D8908982C0E0AC200C3C548 /* RepositoryInterface.swift */; };
		1D89089B2C0E0CB600C3C548 /* Status.swift in Sources */ = {isa = PBXBuildFile; fileRef = 1D89089A2C0E0CB600C3C548 /* Status.swift */; };
		1D89089D2C0E0F5500C3C548 /* PlayTest.swift in Sources */ = {isa = PBXBuildFile; fileRef = 1D89089C2C0E0F5500C3C548 /* PlayTest.swift */; };
/* End PBXBuildFile section */

/* Begin PBXFileReference section */
		1D2E70A22C107BCB00568E6A /* GetAllCategoriesResponse.swift */ = {isa = PBXFileReference; lastKnownFileType = sourcecode.swift; path = GetAllCategoriesResponse.swift; sourceTree = "<group>"; };
		1D2E70A42C107CDC00568E6A /* GetAllAreasResponse.swift */ = {isa = PBXFileReference; lastKnownFileType = sourcecode.swift; path = GetAllAreasResponse.swift; sourceTree = "<group>"; };
		1D2E70A62C107D7C00568E6A /* GetAllIngredientsResponse.swift */ = {isa = PBXFileReference; lastKnownFileType = sourcecode.swift; path = GetAllIngredientsResponse.swift; sourceTree = "<group>"; };
		1D2E70A82C107DFF00568E6A /* GetByCategoryResponse.swift */ = {isa = PBXFileReference; lastKnownFileType = sourcecode.swift; path = GetByCategoryResponse.swift; sourceTree = "<group>"; };
		1D2E70AA2C107E8300568E6A /* GetByAreaResponse.swift */ = {isa = PBXFileReference; lastKnownFileType = sourcecode.swift; path = GetByAreaResponse.swift; sourceTree = "<group>"; };
		1D2E70AC2C107F4500568E6A /* GetByIngredientResponse.swift */ = {isa = PBXFileReference; lastKnownFileType = sourcecode.swift; path = GetByIngredientResponse.swift; sourceTree = "<group>"; };
		1D2E70AE2C107FB200568E6A /* GetByIdResponse.swift */ = {isa = PBXFileReference; lastKnownFileType = sourcecode.swift; path = GetByIdResponse.swift; sourceTree = "<group>"; };
		1D2E70B02C10802A00568E6A /* GetByNameResponse.swift */ = {isa = PBXFileReference; lastKnownFileType = sourcecode.swift; path = GetByNameResponse.swift; sourceTree = "<group>"; };
		1D8908212C05F11200C3C548 /* FlavorFeast.app */ = {isa = PBXFileReference; explicitFileType = wrapper.application; includeInIndex = 0; path = FlavorFeast.app; sourceTree = BUILT_PRODUCTS_DIR; };
		1D8908242C05F11200C3C548 /* FlavorFeastApp.swift */ = {isa = PBXFileReference; lastKnownFileType = sourcecode.swift; path = FlavorFeastApp.swift; sourceTree = "<group>"; };
		1D8908282C05F11500C3C548 /* Assets.xcassets */ = {isa = PBXFileReference; lastKnownFileType = folder.assetcatalog; path = Assets.xcassets; sourceTree = "<group>"; };
		1D89082B2C05F11500C3C548 /* Preview Assets.xcassets */ = {isa = PBXFileReference; lastKnownFileType = folder.assetcatalog; path = "Preview Assets.xcassets"; sourceTree = "<group>"; };
		1D89083C2C05F74600C3C548 /* HomeScreen.swift */ = {isa = PBXFileReference; lastKnownFileType = sourcecode.swift; path = HomeScreen.swift; sourceTree = "<group>"; };
		1D89083E2C05F75500C3C548 /* HomeViewModel.swift */ = {isa = PBXFileReference; lastKnownFileType = sourcecode.swift; path = HomeViewModel.swift; sourceTree = "<group>"; };
		1D8908432C05FD5C00C3C548 /* SearchComponent.swift */ = {isa = PBXFileReference; lastKnownFileType = sourcecode.swift; path = SearchComponent.swift; sourceTree = "<group>"; };
		1D8908462C061B9900C3C548 /* CustomColor.swift */ = {isa = PBXFileReference; lastKnownFileType = sourcecode.swift; path = CustomColor.swift; sourceTree = "<group>"; };
		1D8908482C06265000C3C548 /* GeneralButton.swift */ = {isa = PBXFileReference; lastKnownFileType = sourcecode.swift; path = GeneralButton.swift; sourceTree = "<group>"; };
		1D89084A2C075FF500C3C548 /* RandomMeal.swift */ = {isa = PBXFileReference; lastKnownFileType = sourcecode.swift; path = RandomMeal.swift; sourceTree = "<group>"; };
		1D89084D2C0768B200C3C548 /* Epilogue-Regular.ttf */ = {isa = PBXFileReference; lastKnownFileType = file; path = "Epilogue-Regular.ttf"; sourceTree = "<group>"; };
		1D89084F2C07699300C3C548 /* Info.plist */ = {isa = PBXFileReference; lastKnownFileType = text.plist.xml; path = Info.plist; sourceTree = "<group>"; };
		1D8908502C076B5D00C3C548 /* Epilogue-Bold.ttf */ = {isa = PBXFileReference; lastKnownFileType = file; path = "Epilogue-Bold.ttf"; sourceTree = "<group>"; };
		1D8908522C076B6700C3C548 /* Epilogue-Black.ttf */ = {isa = PBXFileReference; lastKnownFileType = file; path = "Epilogue-Black.ttf"; sourceTree = "<group>"; };
		1D8908542C076B7400C3C548 /* Epilogue-Medium.ttf */ = {isa = PBXFileReference; lastKnownFileType = file; path = "Epilogue-Medium.ttf"; sourceTree = "<group>"; };
		1D8908562C076B8000C3C548 /* Epilogue-Thin.ttf */ = {isa = PBXFileReference; lastKnownFileType = file; path = "Epilogue-Thin.ttf"; sourceTree = "<group>"; };
		1D8908582C076BC700C3C548 /* CustomFont.swift */ = {isa = PBXFileReference; lastKnownFileType = sourcecode.swift; path = CustomFont.swift; sourceTree = "<group>"; };
		1D89085B2C076DE400C3C548 /* RandomSection.swift */ = {isa = PBXFileReference; lastKnownFileType = sourcecode.swift; path = RandomSection.swift; sourceTree = "<group>"; };
		1D89085D2C076F8200C3C548 /* CustomTitle.swift */ = {isa = PBXFileReference; lastKnownFileType = sourcecode.swift; path = CustomTitle.swift; sourceTree = "<group>"; };
		1D89085F2C089BAE00C3C548 /* FoodCard.swift */ = {isa = PBXFileReference; lastKnownFileType = sourcecode.swift; path = FoodCard.swift; sourceTree = "<group>"; };
		1D8908622C08A03500C3C548 /* Sections_HomeScreen.swift */ = {isa = PBXFileReference; lastKnownFileType = sourcecode.swift; path = Sections_HomeScreen.swift; sourceTree = "<group>"; };
		1D8908642C08A37D00C3C548 /* AreaSection.swift */ = {isa = PBXFileReference; lastKnownFileType = sourcecode.swift; path = AreaSection.swift; sourceTree = "<group>"; };
		1D8908662C08A3A600C3C548 /* CategorySection.swift */ = {isa = PBXFileReference; lastKnownFileType = sourcecode.swift; path = CategorySection.swift; sourceTree = "<group>"; };
		1D8908682C08BAE500C3C548 /* IngredientsSection.swift */ = {isa = PBXFileReference; lastKnownFileType = sourcecode.swift; path = IngredientsSection.swift; sourceTree = "<group>"; };
		1D89086A2C08BE1B00C3C548 /* FindRow.swift */ = {isa = PBXFileReference; lastKnownFileType = sourcecode.swift; path = FindRow.swift; sourceTree = "<group>"; };
		1D89086C2C08BF7600C3C548 /* ShowFind.swift */ = {isa = PBXFileReference; lastKnownFileType = sourcecode.swift; path = ShowFind.swift; sourceTree = "<group>"; };
		1D89086F2C08C52200C3C548 /* ArrayUtils.swift */ = {isa = PBXFileReference; lastKnownFileType = sourcecode.swift; path = ArrayUtils.swift; sourceTree = "<group>"; };
		1D8908712C0DD3B600C3C548 /* SearchTitle.swift */ = {isa = PBXFileReference; lastKnownFileType = sourcecode.swift; path = SearchTitle.swift; sourceTree = "<group>"; };
		1D8908732C0DD4B700C3C548 /* Search_HomeScreen.swift */ = {isa = PBXFileReference; lastKnownFileType = sourcecode.swift; path = Search_HomeScreen.swift; sourceTree = "<group>"; };
		1D8908752C0DD50F00C3C548 /* SearchRow.swift */ = {isa = PBXFileReference; lastKnownFileType = sourcecode.swift; path = SearchRow.swift; sourceTree = "<group>"; };
		1D89087B2C0DDB9F00C3C548 /* HTTPMethods.swift */ = {isa = PBXFileReference; lastKnownFileType = sourcecode.swift; path = HTTPMethods.swift; sourceTree = "<group>"; };
		1D89087D2C0DDBFE00C3C548 /* Networker.swift */ = {isa = PBXFileReference; lastKnownFileType = sourcecode.swift; path = Networker.swift; sourceTree = "<group>"; };
		1D89087F2C0DDC6800C3C548 /* NetworkerInterface.swift */ = {isa = PBXFileReference; lastKnownFileType = sourcecode.swift; path = NetworkerInterface.swift; sourceTree = "<group>"; };
		1D8908832C0DDF9500C3C548 /* MealApi.swift */ = {isa = PBXFileReference; lastKnownFileType = sourcecode.swift; path = MealApi.swift; sourceTree = "<group>"; };
		1D8908852C0DE4AE00C3C548 /* NetworkDataSourceInterface.swift */ = {isa = PBXFileReference; lastKnownFileType = sourcecode.swift; path = NetworkDataSourceInterface.swift; sourceTree = "<group>"; };
		1D8908872C0DE4E100C3C548 /* NetworkDataSource.swift */ = {isa = PBXFileReference; lastKnownFileType = sourcecode.swift; path = NetworkDataSource.swift; sourceTree = "<group>"; };
		1D8908892C0DFE2300C3C548 /* Category.swift */ = {isa = PBXFileReference; lastKnownFileType = sourcecode.swift; path = Category.swift; sourceTree = "<group>"; };
		1D89088B2C0DFFBA00C3C548 /* Ingredients.swift */ = {isa = PBXFileReference; lastKnownFileType = sourcecode.swift; path = Ingredients.swift; sourceTree = "<group>"; };
		1D89088D2C0E008E00C3C548 /* Meal.swift */ = {isa = PBXFileReference; lastKnownFileType = sourcecode.swift; path = Meal.swift; sourceTree = "<group>"; };
		1D89088F2C0E061600C3C548 /* SingleArea.swift */ = {isa = PBXFileReference; lastKnownFileType = sourcecode.swift; path = SingleArea.swift; sourceTree = "<group>"; };
		1D8908912C0E068200C3C548 /* SingleMeal.swift */ = {isa = PBXFileReference; lastKnownFileType = sourcecode.swift; path = SingleMeal.swift; sourceTree = "<group>"; };
		1D8908942C0E081E00C3C548 /* GetRandomResponse.swift */ = {isa = PBXFileReference; lastKnownFileType = sourcecode.swift; path = GetRandomResponse.swift; sourceTree = "<group>"; };
		1D8908962C0E0A9A00C3C548 /* Repository.swift */ = {isa = PBXFileReference; lastKnownFileType = sourcecode.swift; path = Repository.swift; sourceTree = "<group>"; };
		1D8908982C0E0AC200C3C548 /* RepositoryInterface.swift */ = {isa = PBXFileReference; lastKnownFileType = sourcecode.swift; path = RepositoryInterface.swift; sourceTree = "<group>"; };
		1D89089A2C0E0CB600C3C548 /* Status.swift */ = {isa = PBXFileReference; lastKnownFileType = sourcecode.swift; path = Status.swift; sourceTree = "<group>"; };
		1D89089C2C0E0F5500C3C548 /* PlayTest.swift */ = {isa = PBXFileReference; lastKnownFileType = sourcecode.swift; path = PlayTest.swift; sourceTree = "<group>"; };
/* End PBXFileReference section */

/* Begin PBXFrameworksBuildPhase section */
		1D89081E2C05F11200C3C548 /* Frameworks */ = {
			isa = PBXFrameworksBuildPhase;
			buildActionMask = 2147483647;
			files = (
			);
			runOnlyForDeploymentPostprocessing = 0;
		};
/* End PBXFrameworksBuildPhase section */

/* Begin PBXGroup section */
		1D8908182C05F11200C3C548 = {
			isa = PBXGroup;
			children = (
				1D8908232C05F11200C3C548 /* FlavorFeast */,
				1D8908222C05F11200C3C548 /* Products */,
			);
			sourceTree = "<group>";
		};
		1D8908222C05F11200C3C548 /* Products */ = {
			isa = PBXGroup;
			children = (
				1D8908212C05F11200C3C548 /* FlavorFeast.app */,
			);
			name = Products;
			sourceTree = "<group>";
		};
		1D8908232C05F11200C3C548 /* FlavorFeast */ = {
			isa = PBXGroup;
			children = (
				1D8908342C05F3E000C3C548 /* Data */,
				1D8908812C0DDD7900C3C548 /* DI */,
				1D8908772C0DDA7C00C3C548 /* Model */,
				1D8908352C05F3ED00C3C548 /* UI */,
				1D89086E2C08C51100C3C548 /* Utils */,
				1D8908322C05F24100C3C548 /* App */,
				1D8908332C05F37900C3C548 /* Resources */,
				1D89082A2C05F11500C3C548 /* Preview Content */,
				1D89084F2C07699300C3C548 /* Info.plist */,
			);
			path = FlavorFeast;
			sourceTree = "<group>";
		};
		1D89082A2C05F11500C3C548 /* Preview Content */ = {
			isa = PBXGroup;
			children = (
				1D89082B2C05F11500C3C548 /* Preview Assets.xcassets */,
			);
			path = "Preview Content";
			sourceTree = "<group>";
		};
		1D8908322C05F24100C3C548 /* App */ = {
			isa = PBXGroup;
			children = (
				1D8908242C05F11200C3C548 /* FlavorFeastApp.swift */,
			);
			path = App;
			sourceTree = "<group>";
		};
		1D8908332C05F37900C3C548 /* Resources */ = {
			isa = PBXGroup;
			children = (
				1D8908282C05F11500C3C548 /* Assets.xcassets */,
			);
			path = Resources;
			sourceTree = "<group>";
		};
		1D8908342C05F3E000C3C548 /* Data */ = {
			isa = PBXGroup;
			children = (
				1D8908782C0DDA8500C3C548 /* Network */,
				1D8908962C0E0A9A00C3C548 /* Repository.swift */,
				1D8908982C0E0AC200C3C548 /* RepositoryInterface.swift */,
			);
			path = Data;
			sourceTree = "<group>";
		};
		1D8908352C05F3ED00C3C548 /* UI */ = {
			isa = PBXGroup;
			children = (
				1D8908452C061B8700C3C548 /* Theme */,
				1D8908402C05FCFF00C3C548 /* Components */,
				1D89083B2C05F71F00C3C548 /* Home */,
			);
			path = UI;
			sourceTree = "<group>";
		};
		1D89083B2C05F71F00C3C548 /* Home */ = {
			isa = PBXGroup;
			children = (
				1D8908412C05FD2B00C3C548 /* Components */,
				1D89083C2C05F74600C3C548 /* HomeScreen.swift */,
				1D89083E2C05F75500C3C548 /* HomeViewModel.swift */,
			);
			path = Home;
			sourceTree = "<group>";
		};
		1D8908402C05FCFF00C3C548 /* Components */ = {
			isa = PBXGroup;
			children = (
				1D8908482C06265000C3C548 /* GeneralButton.swift */,
				1D89085D2C076F8200C3C548 /* CustomTitle.swift */,
				1D89085F2C089BAE00C3C548 /* FoodCard.swift */,
			);
			path = Components;
			sourceTree = "<group>";
		};
		1D8908412C05FD2B00C3C548 /* Components */ = {
			isa = PBXGroup;
			children = (
				1D8908422C05FD3400C3C548 /* Atoms */,
				1D89085A2C076DCD00C3C548 /* Molecules */,
				1D8908612C089FDC00C3C548 /* Organisms */,
			);
			path = Components;
			sourceTree = "<group>";
		};
		1D8908422C05FD3400C3C548 /* Atoms */ = {
			isa = PBXGroup;
			children = (
				1D8908432C05FD5C00C3C548 /* SearchComponent.swift */,
				1D89084A2C075FF500C3C548 /* RandomMeal.swift */,
				1D89086A2C08BE1B00C3C548 /* FindRow.swift */,
				1D8908712C0DD3B600C3C548 /* SearchTitle.swift */,
				1D8908752C0DD50F00C3C548 /* SearchRow.swift */,
			);
			path = Atoms;
			sourceTree = "<group>";
		};
		1D8908452C061B8700C3C548 /* Theme */ = {
			isa = PBXGroup;
			children = (
				1D89084C2C07689000C3C548 /* Font */,
				1D8908462C061B9900C3C548 /* CustomColor.swift */,
				1D8908582C076BC700C3C548 /* CustomFont.swift */,
			);
			path = Theme;
			sourceTree = "<group>";
		};
		1D89084C2C07689000C3C548 /* Font */ = {
			isa = PBXGroup;
			children = (
				1D8908562C076B8000C3C548 /* Epilogue-Thin.ttf */,
				1D8908542C076B7400C3C548 /* Epilogue-Medium.ttf */,
				1D8908522C076B6700C3C548 /* Epilogue-Black.ttf */,
				1D8908502C076B5D00C3C548 /* Epilogue-Bold.ttf */,
				1D89084D2C0768B200C3C548 /* Epilogue-Regular.ttf */,
			);
			path = Font;
			sourceTree = "<group>";
		};
		1D89085A2C076DCD00C3C548 /* Molecules */ = {
			isa = PBXGroup;
			children = (
				1D89085B2C076DE400C3C548 /* RandomSection.swift */,
				1D8908642C08A37D00C3C548 /* AreaSection.swift */,
				1D8908662C08A3A600C3C548 /* CategorySection.swift */,
				1D8908682C08BAE500C3C548 /* IngredientsSection.swift */,
				1D89086C2C08BF7600C3C548 /* ShowFind.swift */,
			);
			path = Molecules;
			sourceTree = "<group>";
		};
		1D8908612C089FDC00C3C548 /* Organisms */ = {
			isa = PBXGroup;
			children = (
				1D8908622C08A03500C3C548 /* Sections_HomeScreen.swift */,
				1D8908732C0DD4B700C3C548 /* Search_HomeScreen.swift */,
			);
			path = Organisms;
			sourceTree = "<group>";
		};
		1D89086E2C08C51100C3C548 /* Utils */ = {
			isa = PBXGroup;
			children = (
				1D89086F2C08C52200C3C548 /* ArrayUtils.swift */,
			);
			path = Utils;
			sourceTree = "<group>";
		};
		1D8908772C0DDA7C00C3C548 /* Model */ = {
			isa = PBXGroup;
			children = (
				1D89087A2C0DDB8A00C3C548 /* Enums */,
				1D8908892C0DFE2300C3C548 /* Category.swift */,
				1D89088B2C0DFFBA00C3C548 /* Ingredients.swift */,
				1D89088D2C0E008E00C3C548 /* Meal.swift */,
				1D89088F2C0E061600C3C548 /* SingleArea.swift */,
				1D8908912C0E068200C3C548 /* SingleMeal.swift */,
				1D89089C2C0E0F5500C3C548 /* PlayTest.swift */,
			);
			path = Model;
			sourceTree = "<group>";
		};
		1D8908782C0DDA8500C3C548 /* Network */ = {
			isa = PBXGroup;
			children = (
				1D8908932C0E080A00C3C548 /* Response */,
				1D8908822C0DDF8300C3C548 /* Api */,
				1D8908852C0DE4AE00C3C548 /* NetworkDataSourceInterface.swift */,
				1D8908872C0DE4E100C3C548 /* NetworkDataSource.swift */,
			);
			path = Network;
			sourceTree = "<group>";
		};
		1D89087A2C0DDB8A00C3C548 /* Enums */ = {
			isa = PBXGroup;
			children = (
				1D89087B2C0DDB9F00C3C548 /* HTTPMethods.swift */,
				1D89089A2C0E0CB600C3C548 /* Status.swift */,
			);
			path = Enums;
			sourceTree = "<group>";
		};
		1D8908812C0DDD7900C3C548 /* DI */ = {
			isa = PBXGroup;
			children = (
				1D89087D2C0DDBFE00C3C548 /* Networker.swift */,
				1D89087F2C0DDC6800C3C548 /* NetworkerInterface.swift */,
			);
			path = DI;
			sourceTree = "<group>";
		};
		1D8908822C0DDF8300C3C548 /* Api */ = {
			isa = PBXGroup;
			children = (
				1D8908832C0DDF9500C3C548 /* MealApi.swift */,
			);
			path = Api;
			sourceTree = "<group>";
		};
		1D8908932C0E080A00C3C548 /* Response */ = {
			isa = PBXGroup;
			children = (
				1D8908942C0E081E00C3C548 /* GetRandomResponse.swift */,
				1D2E70A22C107BCB00568E6A /* GetAllCategoriesResponse.swift */,
				1D2E70A42C107CDC00568E6A /* GetAllAreasResponse.swift */,
				1D2E70A62C107D7C00568E6A /* GetAllIngredientsResponse.swift */,
				1D2E70A82C107DFF00568E6A /* GetByCategoryResponse.swift */,
				1D2E70AA2C107E8300568E6A /* GetByAreaResponse.swift */,
				1D2E70AC2C107F4500568E6A /* GetByIngredientResponse.swift */,
				1D2E70AE2C107FB200568E6A /* GetByIdResponse.swift */,
				1D2E70B02C10802A00568E6A /* GetByNameResponse.swift */,
			);
			path = Response;
			sourceTree = "<group>";
		};
/* End PBXGroup section */

/* Begin PBXNativeTarget section */
		1D8908202C05F11200C3C548 /* FlavorFeast */ = {
			isa = PBXNativeTarget;
			buildConfigurationList = 1D89082F2C05F11500C3C548 /* Build configuration list for PBXNativeTarget "FlavorFeast" */;
			buildPhases = (
				1D89081D2C05F11200C3C548 /* Sources */,
				1D89081E2C05F11200C3C548 /* Frameworks */,
				1D89081F2C05F11200C3C548 /* Resources */,
			);
			buildRules = (
			);
			dependencies = (
			);
			name = FlavorFeast;
			productName = FlavorFeast;
			productReference = 1D8908212C05F11200C3C548 /* FlavorFeast.app */;
			productType = "com.apple.product-type.application";
		};
/* End PBXNativeTarget section */

/* Begin PBXProject section */
		1D8908192C05F11200C3C548 /* Project object */ = {
			isa = PBXProject;
			attributes = {
				BuildIndependentTargetsInParallel = 1;
				LastSwiftUpdateCheck = 1430;
				LastUpgradeCheck = 1430;
				TargetAttributes = {
					1D8908202C05F11200C3C548 = {
						CreatedOnToolsVersion = 14.3;
					};
				};
			};
			buildConfigurationList = 1D89081C2C05F11200C3C548 /* Build configuration list for PBXProject "FlavorFeast" */;
			compatibilityVersion = "Xcode 14.0";
			developmentRegion = en;
			hasScannedForEncodings = 0;
			knownRegions = (
				en,
				Base,
			);
			mainGroup = 1D8908182C05F11200C3C548;
			productRefGroup = 1D8908222C05F11200C3C548 /* Products */;
			projectDirPath = "";
			projectRoot = "";
			targets = (
				1D8908202C05F11200C3C548 /* FlavorFeast */,
			);
		};
/* End PBXProject section */

/* Begin PBXResourcesBuildPhase section */
		1D89081F2C05F11200C3C548 /* Resources */ = {
			isa = PBXResourcesBuildPhase;
			buildActionMask = 2147483647;
			files = (
				1D8908532C076B6700C3C548 /* Epilogue-Black.ttf in Resources */,
				1D8908572C076B8000C3C548 /* Epilogue-Thin.ttf in Resources */,
				1D89084E2C0768B200C3C548 /* Epilogue-Regular.ttf in Resources */,
				1D8908512C076B5D00C3C548 /* Epilogue-Bold.ttf in Resources */,
				1D8908552C076B7400C3C548 /* Epilogue-Medium.ttf in Resources */,
				1D89082C2C05F11500C3C548 /* Preview Assets.xcassets in Resources */,
				1D8908292C05F11500C3C548 /* Assets.xcassets in Resources */,
			);
			runOnlyForDeploymentPostprocessing = 0;
		};
/* End PBXResourcesBuildPhase section */

/* Begin PBXSourcesBuildPhase section */
		1D89081D2C05F11200C3C548 /* Sources */ = {
			isa = PBXSourcesBuildPhase;
			buildActionMask = 2147483647;
			files = (
				1D8908742C0DD4B700C3C548 /* Search_HomeScreen.swift in Sources */,
				1D2E70A52C107CDC00568E6A /* GetAllAreasResponse.swift in Sources */,
				1D8908632C08A03500C3C548 /* Sections_HomeScreen.swift in Sources */,
				1D8908702C08C52200C3C548 /* ArrayUtils.swift in Sources */,
				1D89086B2C08BE1B00C3C548 /* FindRow.swift in Sources */,
				1D2E70AD2C107F4500568E6A /* GetByIngredientResponse.swift in Sources */,
				1D8908722C0DD3B600C3C548 /* SearchTitle.swift in Sources */,
				1D89084B2C075FF500C3C548 /* RandomMeal.swift in Sources */,
				1D89086D2C08BF7600C3C548 /* ShowFind.swift in Sources */,
				1D89085E2C076F8200C3C548 /* CustomTitle.swift in Sources */,
				1D2E70AB2C107E8300568E6A /* GetByAreaResponse.swift in Sources */,
				1D8908992C0E0AC200C3C548 /* RepositoryInterface.swift in Sources */,
				1D89087E2C0DDBFE00C3C548 /* Networker.swift in Sources */,
				1D8908492C06265000C3C548 /* GeneralButton.swift in Sources */,
				1D89088E2C0E008E00C3C548 /* Meal.swift in Sources */,
				1D89085C2C076DE400C3C548 /* RandomSection.swift in Sources */,
				1D8908922C0E068200C3C548 /* SingleMeal.swift in Sources */,
				1D89087C2C0DDB9F00C3C548 /* HTTPMethods.swift in Sources */,
				1D8908672C08A3A600C3C548 /* CategorySection.swift in Sources */,
				1D8908902C0E061600C3C548 /* SingleArea.swift in Sources */,
				1D2E70B12C10802A00568E6A /* GetByNameResponse.swift in Sources */,
				1D8908882C0DE4E100C3C548 /* NetworkDataSource.swift in Sources */,
				1D8908802C0DDC6800C3C548 /* NetworkerInterface.swift in Sources */,
				1D89083D2C05F74600C3C548 /* HomeScreen.swift in Sources */,
				1D2E70AF2C107FB200568E6A /* GetByIdResponse.swift in Sources */,
				1D89089D2C0E0F5500C3C548 /* PlayTest.swift in Sources */,
				1D8908842C0DDF9500C3C548 /* MealApi.swift in Sources */,
				1D8908442C05FD5C00C3C548 /* SearchComponent.swift in Sources */,
				1D8908762C0DD50F00C3C548 /* SearchRow.swift in Sources */,
				1D89089B2C0E0CB600C3C548 /* Status.swift in Sources */,
				1D89083F2C05F75600C3C548 /* HomeViewModel.swift in Sources */,
				1D8908592C076BC700C3C548 /* CustomFont.swift in Sources */,
				1D89088C2C0DFFBA00C3C548 /* Ingredients.swift in Sources */,
				1D8908862C0DE4AE00C3C548 /* NetworkDataSourceInterface.swift in Sources */,
				1D2E70A72C107D7C00568E6A /* GetAllIngredientsResponse.swift in Sources */,
				1D8908652C08A37D00C3C548 /* AreaSection.swift in Sources */,
				1D8908692C08BAE500C3C548 /* IngredientsSection.swift in Sources */,
				1D8908602C089BAF00C3C548 /* FoodCard.swift in Sources */,
				1D8908972C0E0A9A00C3C548 /* Repository.swift in Sources */,
				1D8908472C061B9900C3C548 /* CustomColor.swift in Sources */,
				1D8908252C05F11200C3C548 /* FlavorFeastApp.swift in Sources */,
				1D8908952C0E081E00C3C548 /* GetRandomResponse.swift in Sources */,
				1D89088A2C0DFE2300C3C548 /* Category.swift in Sources */,
				1D2E70A32C107BCB00568E6A /* GetAllCategoriesResponse.swift in Sources */,
				1D2E70A92C107DFF00568E6A /* GetByCategoryResponse.swift in Sources */,
			);
			runOnlyForDeploymentPostprocessing = 0;
		};
/* End PBXSourcesBuildPhase section */

/* Begin XCBuildConfiguration section */
		1D89082D2C05F11500C3C548 /* Debug */ = {
			isa = XCBuildConfiguration;
			buildSettings = {
				ALWAYS_SEARCH_USER_PATHS = NO;
				CLANG_ANALYZER_NONNULL = YES;
				CLANG_ANALYZER_NUMBER_OBJECT_CONVERSION = YES_AGGRESSIVE;
				CLANG_CXX_LANGUAGE_STANDARD = "gnu++20";
				CLANG_ENABLE_MODULES = YES;
				CLANG_ENABLE_OBJC_ARC = YES;
				CLANG_ENABLE_OBJC_WEAK = YES;
				CLANG_WARN_BLOCK_CAPTURE_AUTORELEASING = YES;
				CLANG_WARN_BOOL_CONVERSION = YES;
				CLANG_WARN_COMMA = YES;
				CLANG_WARN_CONSTANT_CONVERSION = YES;
				CLANG_WARN_DEPRECATED_OBJC_IMPLEMENTATIONS = YES;
				CLANG_WARN_DIRECT_OBJC_ISA_USAGE = YES_ERROR;
				CLANG_WARN_DOCUMENTATION_COMMENTS = YES;
				CLANG_WARN_EMPTY_BODY = YES;
				CLANG_WARN_ENUM_CONVERSION = YES;
				CLANG_WARN_INFINITE_RECURSION = YES;
				CLANG_WARN_INT_CONVERSION = YES;
				CLANG_WARN_NON_LITERAL_NULL_CONVERSION = YES;
				CLANG_WARN_OBJC_IMPLICIT_RETAIN_SELF = YES;
				CLANG_WARN_OBJC_LITERAL_CONVERSION = YES;
				CLANG_WARN_OBJC_ROOT_CLASS = YES_ERROR;
				CLANG_WARN_QUOTED_INCLUDE_IN_FRAMEWORK_HEADER = YES;
				CLANG_WARN_RANGE_LOOP_ANALYSIS = YES;
				CLANG_WARN_STRICT_PROTOTYPES = YES;
				CLANG_WARN_SUSPICIOUS_MOVE = YES;
				CLANG_WARN_UNGUARDED_AVAILABILITY = YES_AGGRESSIVE;
				CLANG_WARN_UNREACHABLE_CODE = YES;
				CLANG_WARN__DUPLICATE_METHOD_MATCH = YES;
				COPY_PHASE_STRIP = NO;
				DEBUG_INFORMATION_FORMAT = dwarf;
				ENABLE_STRICT_OBJC_MSGSEND = YES;
				ENABLE_TESTABILITY = YES;
				GCC_C_LANGUAGE_STANDARD = gnu11;
				GCC_DYNAMIC_NO_PIC = NO;
				GCC_NO_COMMON_BLOCKS = YES;
				GCC_OPTIMIZATION_LEVEL = 0;
				GCC_PREPROCESSOR_DEFINITIONS = (
					"DEBUG=1",
					"$(inherited)",
				);
				GCC_WARN_64_TO_32_BIT_CONVERSION = YES;
				GCC_WARN_ABOUT_RETURN_TYPE = YES_ERROR;
				GCC_WARN_UNDECLARED_SELECTOR = YES;
				GCC_WARN_UNINITIALIZED_AUTOS = YES_AGGRESSIVE;
				GCC_WARN_UNUSED_FUNCTION = YES;
				GCC_WARN_UNUSED_VARIABLE = YES;
				IPHONEOS_DEPLOYMENT_TARGET = 16.4;
				MTL_ENABLE_DEBUG_INFO = INCLUDE_SOURCE;
				MTL_FAST_MATH = YES;
				ONLY_ACTIVE_ARCH = YES;
				SDKROOT = iphoneos;
				SWIFT_ACTIVE_COMPILATION_CONDITIONS = DEBUG;
				SWIFT_OPTIMIZATION_LEVEL = "-Onone";
			};
			name = Debug;
		};
		1D89082E2C05F11500C3C548 /* Release */ = {
			isa = XCBuildConfiguration;
			buildSettings = {
				ALWAYS_SEARCH_USER_PATHS = NO;
				CLANG_ANALYZER_NONNULL = YES;
				CLANG_ANALYZER_NUMBER_OBJECT_CONVERSION = YES_AGGRESSIVE;
				CLANG_CXX_LANGUAGE_STANDARD = "gnu++20";
				CLANG_ENABLE_MODULES = YES;
				CLANG_ENABLE_OBJC_ARC = YES;
				CLANG_ENABLE_OBJC_WEAK = YES;
				CLANG_WARN_BLOCK_CAPTURE_AUTORELEASING = YES;
				CLANG_WARN_BOOL_CONVERSION = YES;
				CLANG_WARN_COMMA = YES;
				CLANG_WARN_CONSTANT_CONVERSION = YES;
				CLANG_WARN_DEPRECATED_OBJC_IMPLEMENTATIONS = YES;
				CLANG_WARN_DIRECT_OBJC_ISA_USAGE = YES_ERROR;
				CLANG_WARN_DOCUMENTATION_COMMENTS = YES;
				CLANG_WARN_EMPTY_BODY = YES;
				CLANG_WARN_ENUM_CONVERSION = YES;
				CLANG_WARN_INFINITE_RECURSION = YES;
				CLANG_WARN_INT_CONVERSION = YES;
				CLANG_WARN_NON_LITERAL_NULL_CONVERSION = YES;
				CLANG_WARN_OBJC_IMPLICIT_RETAIN_SELF = YES;
				CLANG_WARN_OBJC_LITERAL_CONVERSION = YES;
				CLANG_WARN_OBJC_ROOT_CLASS = YES_ERROR;
				CLANG_WARN_QUOTED_INCLUDE_IN_FRAMEWORK_HEADER = YES;
				CLANG_WARN_RANGE_LOOP_ANALYSIS = YES;
				CLANG_WARN_STRICT_PROTOTYPES = YES;
				CLANG_WARN_SUSPICIOUS_MOVE = YES;
				CLANG_WARN_UNGUARDED_AVAILABILITY = YES_AGGRESSIVE;
				CLANG_WARN_UNREACHABLE_CODE = YES;
				CLANG_WARN__DUPLICATE_METHOD_MATCH = YES;
				COPY_PHASE_STRIP = NO;
				DEBUG_INFORMATION_FORMAT = "dwarf-with-dsym";
				ENABLE_NS_ASSERTIONS = NO;
				ENABLE_STRICT_OBJC_MSGSEND = YES;
				GCC_C_LANGUAGE_STANDARD = gnu11;
				GCC_NO_COMMON_BLOCKS = YES;
				GCC_WARN_64_TO_32_BIT_CONVERSION = YES;
				GCC_WARN_ABOUT_RETURN_TYPE = YES_ERROR;
				GCC_WARN_UNDECLARED_SELECTOR = YES;
				GCC_WARN_UNINITIALIZED_AUTOS = YES_AGGRESSIVE;
				GCC_WARN_UNUSED_FUNCTION = YES;
				GCC_WARN_UNUSED_VARIABLE = YES;
				IPHONEOS_DEPLOYMENT_TARGET = 16.4;
				MTL_ENABLE_DEBUG_INFO = NO;
				MTL_FAST_MATH = YES;
				SDKROOT = iphoneos;
				SWIFT_COMPILATION_MODE = wholemodule;
				SWIFT_OPTIMIZATION_LEVEL = "-O";
				VALIDATE_PRODUCT = YES;
			};
			name = Release;
		};
		1D8908302C05F11500C3C548 /* Debug */ = {
			isa = XCBuildConfiguration;
			buildSettings = {
				ASSETCATALOG_COMPILER_APPICON_NAME = AppIcon;
				ASSETCATALOG_COMPILER_GLOBAL_ACCENT_COLOR_NAME = AccentColor;
				CODE_SIGN_STYLE = Automatic;
				CURRENT_PROJECT_VERSION = 1;
				DEVELOPMENT_ASSET_PATHS = "\"FlavorFeast/Preview Content\"";
				ENABLE_PREVIEWS = YES;
				GENERATE_INFOPLIST_FILE = YES;
				INFOPLIST_FILE = FlavorFeast/Info.plist;
				INFOPLIST_KEY_UIApplicationSceneManifest_Generation = YES;
				INFOPLIST_KEY_UIApplicationSupportsIndirectInputEvents = YES;
				INFOPLIST_KEY_UILaunchScreen_Generation = YES;
				INFOPLIST_KEY_UISupportedInterfaceOrientations_iPad = "UIInterfaceOrientationPortrait UIInterfaceOrientationPortraitUpsideDown UIInterfaceOrientationLandscapeLeft UIInterfaceOrientationLandscapeRight";
				INFOPLIST_KEY_UISupportedInterfaceOrientations_iPhone = "UIInterfaceOrientationPortrait UIInterfaceOrientationLandscapeLeft UIInterfaceOrientationLandscapeRight";
				LD_RUNPATH_SEARCH_PATHS = (
					"$(inherited)",
					"@executable_path/Frameworks",
				);
				MARKETING_VERSION = 1.0;
				PRODUCT_BUNDLE_IDENTIFIER = com.diferent.FlavorFeast;
				PRODUCT_NAME = "$(TARGET_NAME)";
				SWIFT_EMIT_LOC_STRINGS = YES;
				SWIFT_VERSION = 5.0;
				TARGETED_DEVICE_FAMILY = "1,2";
			};
			name = Debug;
		};
		1D8908312C05F11500C3C548 /* Release */ = {
			isa = XCBuildConfiguration;
			buildSettings = {
				ASSETCATALOG_COMPILER_APPICON_NAME = AppIcon;
				ASSETCATALOG_COMPILER_GLOBAL_ACCENT_COLOR_NAME = AccentColor;
				CODE_SIGN_STYLE = Automatic;
				CURRENT_PROJECT_VERSION = 1;
				DEVELOPMENT_ASSET_PATHS = "\"FlavorFeast/Preview Content\"";
				ENABLE_PREVIEWS = YES;
				GENERATE_INFOPLIST_FILE = YES;
				INFOPLIST_FILE = FlavorFeast/Info.plist;
				INFOPLIST_KEY_UIApplicationSceneManifest_Generation = YES;
				INFOPLIST_KEY_UIApplicationSupportsIndirectInputEvents = YES;
				INFOPLIST_KEY_UILaunchScreen_Generation = YES;
				INFOPLIST_KEY_UISupportedInterfaceOrientations_iPad = "UIInterfaceOrientationPortrait UIInterfaceOrientationPortraitUpsideDown UIInterfaceOrientationLandscapeLeft UIInterfaceOrientationLandscapeRight";
				INFOPLIST_KEY_UISupportedInterfaceOrientations_iPhone = "UIInterfaceOrientationPortrait UIInterfaceOrientationLandscapeLeft UIInterfaceOrientationLandscapeRight";
				LD_RUNPATH_SEARCH_PATHS = (
					"$(inherited)",
					"@executable_path/Frameworks",
				);
				MARKETING_VERSION = 1.0;
				PRODUCT_BUNDLE_IDENTIFIER = com.diferent.FlavorFeast;
				PRODUCT_NAME = "$(TARGET_NAME)";
				SWIFT_EMIT_LOC_STRINGS = YES;
				SWIFT_VERSION = 5.0;
				TARGETED_DEVICE_FAMILY = "1,2";
			};
			name = Release;
		};
/* End XCBuildConfiguration section */

/* Begin XCConfigurationList section */
		1D89081C2C05F11200C3C548 /* Build configuration list for PBXProject "FlavorFeast" */ = {
			isa = XCConfigurationList;
			buildConfigurations = (
				1D89082D2C05F11500C3C548 /* Debug */,
				1D89082E2C05F11500C3C548 /* Release */,
			);
			defaultConfigurationIsVisible = 0;
			defaultConfigurationName = Release;
		};
		1D89082F2C05F11500C3C548 /* Build configuration list for PBXNativeTarget "FlavorFeast" */ = {
			isa = XCConfigurationList;
			buildConfigurations = (
				1D8908302C05F11500C3C548 /* Debug */,
				1D8908312C05F11500C3C548 /* Release */,
			);
			defaultConfigurationIsVisible = 0;
			defaultConfigurationName = Release;
		};
/* End XCConfigurationList section */
	};
	rootObject = 1D8908192C05F11200C3C548 /* Project object */;
}
